
Microsoft Visual Studio Solution File, Format Version 12.00
# Visual Studio 15
VisualStudioVersion = 15.0.28307.271
MinimumVisualStudioVersion = 10.0.40219.1
Project("{FAE04EC0-301F-11D3-BF4B-00C04F79EFBC}") = "ObjectsHomework", "ObjectsHomework\ObjectsHomework.csproj", "{BAF8D72D-7BD2-43A0-9911-2124928B56FE}"
EndProject
Global
	GlobalSection(SolutionConfigurationPlatforms) = preSolution
		Debug|Any CPU = Debug|Any CPU
		Release|Any CPU = Release|Any CPU
	EndGlobalSection
	GlobalSection(ProjectConfigurationPlatforms) = postSolution
		{BAF8D72D-7BD2-43A0-9911-2124928B56FE}.Debug|Any CPU.ActiveCfg = Debug|Any CPU
		{BAF8D72D-7BD2-43A0-9911-2124928B56FE}.Debug|Any CPU.Build.0 = Debug|Any CPU
		{BAF8D72D-7BD2-43A0-9911-2124928B56FE}.Release|Any CPU.ActiveCfg = Release|Any CPU
		{BAF8D72D-7BD2-43A0-9911-2124928B56FE}.Release|Any CPU.Build.0 = Release|Any CPU
	EndGlobalSection
	GlobalSection(SolutionProperties) = preSolution
		HideSolutionNode = FALSE
	EndGlobalSection
	GlobalSection(ExtensibilityGlobals) = postSolution
		SolutionGuid = {A89A57F5-D8CA-4D86-AD0C-5D77A1DBD004}
	EndGlobalSection
EndGlobal
